// !$*UTF8*$!
{
	archiveVersion = 1;
	classes = {
	};
	objectVersion = 56;
	objects = {

/* Begin PBXBuildFile section */
		9107ADA829CDF4CE0030A3C7 /* MemoryCellView.swift in Sources */ = {isa = PBXBuildFile; fileRef = 9107ADA729CDF4CE0030A3C7 /* MemoryCellView.swift */; };
		9107ADE529CF16BF0030A3C7 /* MediaAlbumMO.swift in Sources */ = {isa = PBXBuildFile; fileRef = 9107ADE429CF16BF0030A3C7 /* MediaAlbumMO.swift */; };
		912B144F2A002DF60081ED84 /* SentimentClassifier.mlmodel in Sources */ = {isa = PBXBuildFile; fileRef = 912B144E2A002DF60081ED84 /* SentimentClassifier.mlmodel */; };
		912B14502A002DF60081ED84 /* SentimentClassifier.mlmodel in Sources */ = {isa = PBXBuildFile; fileRef = 912B144E2A002DF60081ED84 /* SentimentClassifier.mlmodel */; };
		912B14512A002DF60081ED84 /* SentimentClassifier.mlmodel in Sources */ = {isa = PBXBuildFile; fileRef = 912B144E2A002DF60081ED84 /* SentimentClassifier.mlmodel */; };
		912B14572A012D310081ED84 /* Array+Extensions.swift in Sources */ = {isa = PBXBuildFile; fileRef = 912B14562A012D310081ED84 /* Array+Extensions.swift */; };
		912B14582A012D310081ED84 /* Array+Extensions.swift in Sources */ = {isa = PBXBuildFile; fileRef = 912B14562A012D310081ED84 /* Array+Extensions.swift */; };
		912B14592A012D310081ED84 /* Array+Extensions.swift in Sources */ = {isa = PBXBuildFile; fileRef = 912B14562A012D310081ED84 /* Array+Extensions.swift */; };
		912B145B2A012D500081ED84 /* Character+Extensions.swift in Sources */ = {isa = PBXBuildFile; fileRef = 912B145A2A012D500081ED84 /* Character+Extensions.swift */; };
		912B145C2A012D500081ED84 /* Character+Extensions.swift in Sources */ = {isa = PBXBuildFile; fileRef = 912B145A2A012D500081ED84 /* Character+Extensions.swift */; };
		912B145D2A012D500081ED84 /* Character+Extensions.swift in Sources */ = {isa = PBXBuildFile; fileRef = 912B145A2A012D500081ED84 /* Character+Extensions.swift */; };
		912B145F2A029B760081ED84 /* Int+Extensions.swift in Sources */ = {isa = PBXBuildFile; fileRef = 912B145E2A029B760081ED84 /* Int+Extensions.swift */; };
		912B14602A029B760081ED84 /* Int+Extensions.swift in Sources */ = {isa = PBXBuildFile; fileRef = 912B145E2A029B760081ED84 /* Int+Extensions.swift */; };
		912B14612A029B760081ED84 /* Int+Extensions.swift in Sources */ = {isa = PBXBuildFile; fileRef = 912B145E2A029B760081ED84 /* Int+Extensions.swift */; };
		912B14632A02C2530081ED84 /* AudioRecorderVM.swift in Sources */ = {isa = PBXBuildFile; fileRef = 912B14622A02C2530081ED84 /* AudioRecorderVM.swift */; };
		912B14672A02C2690081ED84 /* AudioPlayerVM.swift in Sources */ = {isa = PBXBuildFile; fileRef = 912B14662A02C2690081ED84 /* AudioPlayerVM.swift */; };
		913272AA2A16648100D573EC /* QuickActionVM.swift in Sources */ = {isa = PBXBuildFile; fileRef = 913272A92A16648100D573EC /* QuickActionVM.swift */; };
		9158CD242ACE0056003720D5 /* BottomPopUpVM.swift in Sources */ = {isa = PBXBuildFile; fileRef = 9158CD232ACE0056003720D5 /* BottomPopUpVM.swift */; };
		91769A7129A4F0F00087E769 /* String+Extensions.swift in Sources */ = {isa = PBXBuildFile; fileRef = 91769A7029A4F0F00087E769 /* String+Extensions.swift */; };
		91769A7329A6362B0087E769 /* AutosizingTextField.swift in Sources */ = {isa = PBXBuildFile; fileRef = 91769A7229A6362B0087E769 /* AutosizingTextField.swift */; };
		91769A7C29AFA0B90087E769 /* ImagePicker.swift in Sources */ = {isa = PBXBuildFile; fileRef = 91769A7B29AFA0B90087E769 /* ImagePicker.swift */; };
		917D171529E6C586009B9E8A /* BlurView.swift in Sources */ = {isa = PBXBuildFile; fileRef = 917D171429E6C586009B9E8A /* BlurView.swift */; };
		917D171829E6C5EB009B9E8A /* CollageLayoutView.swift in Sources */ = {isa = PBXBuildFile; fileRef = 917D171729E6C5EB009B9E8A /* CollageLayoutView.swift */; };
		917D171B29E6CE55009B9E8A /* ViewModifiers.swift in Sources */ = {isa = PBXBuildFile; fileRef = 917D171A29E6CE55009B9E8A /* ViewModifiers.swift */; };
		917D171D29E6FD34009B9E8A /* Image+Extensions.swift in Sources */ = {isa = PBXBuildFile; fileRef = 917D171C29E6FD34009B9E8A /* Image+Extensions.swift */; };
		918F9B882A1CE092006F4973 /* CoreDataStack.swift in Sources */ = {isa = PBXBuildFile; fileRef = 918F9B852A1CD8C1006F4973 /* CoreDataStack.swift */; };
		918F9B892A1CE094006F4973 /* ChaptersTests.swift in Sources */ = {isa = PBXBuildFile; fileRef = 91CCE4EC29A0E61E005C6441 /* ChaptersTests.swift */; };
		918F9B8B2A1CFEB6006F4973 /* ItemsTests.swift in Sources */ = {isa = PBXBuildFile; fileRef = 918F9B8A2A1CFEB6006F4973 /* ItemsTests.swift */; };
		918F9B912A1E6435006F4973 /* CreateModel.swift in Sources */ = {isa = PBXBuildFile; fileRef = 918F9B902A1E6435006F4973 /* CreateModel.swift */; };
		918F9B932A1E8C9F006F4973 /* Shapes.swift in Sources */ = {isa = PBXBuildFile; fileRef = 918F9B922A1E8C9F006F4973 /* Shapes.swift */; };
		91A07A772AAA15D300E4540C /* ItemMO.swift in Sources */ = {isa = PBXBuildFile; fileRef = 91A07A762AAA15D300E4540C /* ItemMO.swift */; };
		91A07A792AABB73200E4540C /* FileManager+Extensions.swift in Sources */ = {isa = PBXBuildFile; fileRef = 91A07A782AABB73200E4540C /* FileManager+Extensions.swift */; };
		91A07A7B2AABBD6600E4540C /* MediaVM.swift in Sources */ = {isa = PBXBuildFile; fileRef = 91A07A7A2AABBD6600E4540C /* MediaVM.swift */; };
		91B04C0929DDF9CA003B29AB /* StatisticsView.swift in Sources */ = {isa = PBXBuildFile; fileRef = 91B04C0829DDF9CA003B29AB /* StatisticsView.swift */; };
		91B380AD29A10280003163AB /* Color+Extensions.swift in Sources */ = {isa = PBXBuildFile; fileRef = 91B380AC29A10280003163AB /* Color+Extensions.swift */; };
		91B380B329A1124C003163AB /* ChapterMO.swift in Sources */ = {isa = PBXBuildFile; fileRef = 91B380B229A1124C003163AB /* ChapterMO.swift */; };
		91B380B929A118ED003163AB /* ChapterVM.swift in Sources */ = {isa = PBXBuildFile; fileRef = 91B380B829A118ED003163AB /* ChapterVM.swift */; };
		91B380BB29A11A41003163AB /* ItemVM.swift in Sources */ = {isa = PBXBuildFile; fileRef = 91B380BA29A11A41003163AB /* ItemVM.swift */; };
		91B380BD29A120D7003163AB /* ChapterCellView.swift in Sources */ = {isa = PBXBuildFile; fileRef = 91B380BC29A120D7003163AB /* ChapterCellView.swift */; };
		91B380BF29A240B8003163AB /* Date+Extensions.swift in Sources */ = {isa = PBXBuildFile; fileRef = 91B380BE29A240B8003163AB /* Date+Extensions.swift */; };
		91B380C129A243E3003163AB /* Font+Extensions.swift in Sources */ = {isa = PBXBuildFile; fileRef = 91B380C029A243E3003163AB /* Font+Extensions.swift */; };
		91B380C729A267D1003163AB /* View+Extensions.swift in Sources */ = {isa = PBXBuildFile; fileRef = 91B380C629A267D1003163AB /* View+Extensions.swift */; };
		91B380C929A26D0F003163AB /* UIApplication+Extensions.swift in Sources */ = {isa = PBXBuildFile; fileRef = 91B380C829A26D0F003163AB /* UIApplication+Extensions.swift */; };
		91B72C742AD475A90035ADFE /* StatisticsVM.swift in Sources */ = {isa = PBXBuildFile; fileRef = 91B72C732AD475A90035ADFE /* StatisticsVM.swift */; };
		91B72C752AD475A90035ADFE /* StatisticsVM.swift in Sources */ = {isa = PBXBuildFile; fileRef = 91B72C732AD475A90035ADFE /* StatisticsVM.swift */; };
		91B72C762AD475A90035ADFE /* StatisticsVM.swift in Sources */ = {isa = PBXBuildFile; fileRef = 91B72C732AD475A90035ADFE /* StatisticsVM.swift */; };
		91BEF96929B0B94600FE68C6 /* MediaMO.swift in Sources */ = {isa = PBXBuildFile; fileRef = 91BEF96829B0B94600FE68C6 /* MediaMO.swift */; };
		91CCE4D729A0E61C005C6441 /* MemoriesSwiftUIApp.swift in Sources */ = {isa = PBXBuildFile; fileRef = 91CCE4D629A0E61C005C6441 /* MemoriesSwiftUIApp.swift */; };
		91CCE4D929A0E61C005C6441 /* ContentView.swift in Sources */ = {isa = PBXBuildFile; fileRef = 91CCE4D829A0E61C005C6441 /* ContentView.swift */; };
		91CCE4DB29A0E61D005C6441 /* Assets.xcassets in Resources */ = {isa = PBXBuildFile; fileRef = 91CCE4DA29A0E61D005C6441 /* Assets.xcassets */; };
		91CCE4DE29A0E61D005C6441 /* Preview Assets.xcassets in Resources */ = {isa = PBXBuildFile; fileRef = 91CCE4DD29A0E61D005C6441 /* Preview Assets.xcassets */; };
		91CCE4E029A0E61D005C6441 /* Persistence.swift in Sources */ = {isa = PBXBuildFile; fileRef = 91CCE4DF29A0E61D005C6441 /* Persistence.swift */; };
		91CCE4F729A0E61E005C6441 /* MemoriesTests.swift in Sources */ = {isa = PBXBuildFile; fileRef = 91CCE4F629A0E61E005C6441 /* MemoriesTests.swift */; };
		91CCE4F929A0E61E005C6441 /* MemoriesSwiftUIUITestsLaunchTests.swift in Sources */ = {isa = PBXBuildFile; fileRef = 91CCE4F829A0E61E005C6441 /* MemoriesSwiftUIUITestsLaunchTests.swift */; };
		91CCE50929A0E7B4005C6441 /* InputAccessoryView.swift in Sources */ = {isa = PBXBuildFile; fileRef = 91CCE50829A0E7B4005C6441 /* InputAccessoryView.swift */; };
		91CDDA562A24D5C3001EAE9A /* StatsTests.swift in Sources */ = {isa = PBXBuildFile; fileRef = 91CDDA552A24D5C3001EAE9A /* StatsTests.swift */; };
		91E2ACE22A0569B40043BE42 /* LineChartProvider.swift in Sources */ = {isa = PBXBuildFile; fileRef = 91E2ACE12A0569B40043BE42 /* LineChartProvider.swift */; };
		91E2ACE42A0951D00043BE42 /* Сonstants.swift in Sources */ = {isa = PBXBuildFile; fileRef = 91E2ACE32A0951D00043BE42 /* Сonstants.swift */; };
		91E2ACE62A0D0D750043BE42 /* SwipeItemView.swift in Sources */ = {isa = PBXBuildFile; fileRef = 91E2ACE52A0D0D750043BE42 /* SwipeItemView.swift */; };
		91E2ACE82A0E6FEC0043BE42 /* SearchBar.swift in Sources */ = {isa = PBXBuildFile; fileRef = 91E2ACE72A0E6FEB0043BE42 /* SearchBar.swift */; };
		91E2ACEB2A0E70A50043BE42 /* PreferenceKeys.swift in Sources */ = {isa = PBXBuildFile; fileRef = 91E2ACEA2A0E70A50043BE42 /* PreferenceKeys.swift */; };
		91E2ACED2A0E9EC10043BE42 /* BottomPopUpView.swift in Sources */ = {isa = PBXBuildFile; fileRef = 91E2ACEC2A0E9EC10043BE42 /* BottomPopUpView.swift */; };
		91EF8A752AA0F95200E8AD2C /* Localizable.strings in Resources */ = {isa = PBXBuildFile; fileRef = 91EF8A772AA0F95200E8AD2C /* Localizable.strings */; };
		91F6F46429B508CC00DCF329 /* MemoriesSwiftUI.xcdatamodeld in Sources */ = {isa = PBXBuildFile; fileRef = 91F6F46229B508CC00DCF329 /* MemoriesSwiftUI.xcdatamodeld */; };
/* End PBXBuildFile section */

/* Begin PBXContainerItemProxy section */
		91CCE4E929A0E61E005C6441 /* PBXContainerItemProxy */ = {
			isa = PBXContainerItemProxy;
			containerPortal = 91CCE4CB29A0E61C005C6441 /* Project object */;
			proxyType = 1;
			remoteGlobalIDString = 91CCE4D229A0E61C005C6441;
			remoteInfo = MemoriesSwiftUI;
		};
		91CCE4F329A0E61E005C6441 /* PBXContainerItemProxy */ = {
			isa = PBXContainerItemProxy;
			containerPortal = 91CCE4CB29A0E61C005C6441 /* Project object */;
			proxyType = 1;
			remoteGlobalIDString = 91CCE4D229A0E61C005C6441;
			remoteInfo = MemoriesSwiftUI;
		};
/* End PBXContainerItemProxy section */

/* Begin PBXFileReference section */
		9107ADA729CDF4CE0030A3C7 /* MemoryCellView.swift */ = {isa = PBXFileReference; lastKnownFileType = sourcecode.swift; path = MemoryCellView.swift; sourceTree = "<group>"; };
		9107ADE429CF16BF0030A3C7 /* MediaAlbumMO.swift */ = {isa = PBXFileReference; fileEncoding = 4; lastKnownFileType = sourcecode.swift; path = MediaAlbumMO.swift; sourceTree = "<group>"; };
		912B144E2A002DF60081ED84 /* SentimentClassifier.mlmodel */ = {isa = PBXFileReference; lastKnownFileType = file.mlmodel; path = SentimentClassifier.mlmodel; sourceTree = "<group>"; };
		912B14562A012D310081ED84 /* Array+Extensions.swift */ = {isa = PBXFileReference; lastKnownFileType = sourcecode.swift; path = "Array+Extensions.swift"; sourceTree = "<group>"; };
		912B145A2A012D500081ED84 /* Character+Extensions.swift */ = {isa = PBXFileReference; lastKnownFileType = sourcecode.swift; path = "Character+Extensions.swift"; sourceTree = "<group>"; };
		912B145E2A029B760081ED84 /* Int+Extensions.swift */ = {isa = PBXFileReference; lastKnownFileType = sourcecode.swift; path = "Int+Extensions.swift"; sourceTree = "<group>"; };
		912B14622A02C2530081ED84 /* AudioRecorderVM.swift */ = {isa = PBXFileReference; lastKnownFileType = sourcecode.swift; path = AudioRecorderVM.swift; sourceTree = "<group>"; };
		912B14662A02C2690081ED84 /* AudioPlayerVM.swift */ = {isa = PBXFileReference; lastKnownFileType = sourcecode.swift; path = AudioPlayerVM.swift; sourceTree = "<group>"; };
		913272A92A16648100D573EC /* QuickActionVM.swift */ = {isa = PBXFileReference; lastKnownFileType = sourcecode.swift; path = QuickActionVM.swift; sourceTree = "<group>"; };
		9158CD232ACE0056003720D5 /* BottomPopUpVM.swift */ = {isa = PBXFileReference; lastKnownFileType = sourcecode.swift; path = BottomPopUpVM.swift; sourceTree = "<group>"; };
		91769A7029A4F0F00087E769 /* String+Extensions.swift */ = {isa = PBXFileReference; lastKnownFileType = sourcecode.swift; path = "String+Extensions.swift"; sourceTree = "<group>"; };
		91769A7229A6362B0087E769 /* AutosizingTextField.swift */ = {isa = PBXFileReference; lastKnownFileType = sourcecode.swift; path = AutosizingTextField.swift; sourceTree = "<group>"; };
		91769A7B29AFA0B90087E769 /* ImagePicker.swift */ = {isa = PBXFileReference; lastKnownFileType = sourcecode.swift; path = ImagePicker.swift; sourceTree = "<group>"; };
		917D171429E6C586009B9E8A /* BlurView.swift */ = {isa = PBXFileReference; lastKnownFileType = sourcecode.swift; path = BlurView.swift; sourceTree = "<group>"; };
		917D171729E6C5EB009B9E8A /* CollageLayoutView.swift */ = {isa = PBXFileReference; lastKnownFileType = sourcecode.swift; path = CollageLayoutView.swift; sourceTree = "<group>"; };
		917D171A29E6CE55009B9E8A /* ViewModifiers.swift */ = {isa = PBXFileReference; lastKnownFileType = sourcecode.swift; path = ViewModifiers.swift; sourceTree = "<group>"; };
		917D171C29E6FD34009B9E8A /* Image+Extensions.swift */ = {isa = PBXFileReference; lastKnownFileType = sourcecode.swift; path = "Image+Extensions.swift"; sourceTree = "<group>"; };
		918F9B852A1CD8C1006F4973 /* CoreDataStack.swift */ = {isa = PBXFileReference; lastKnownFileType = sourcecode.swift; path = CoreDataStack.swift; sourceTree = "<group>"; };
		918F9B8A2A1CFEB6006F4973 /* ItemsTests.swift */ = {isa = PBXFileReference; lastKnownFileType = sourcecode.swift; path = ItemsTests.swift; sourceTree = "<group>"; };
		918F9B902A1E6435006F4973 /* CreateModel.swift */ = {isa = PBXFileReference; lastKnownFileType = sourcecode.swift; path = CreateModel.swift; sourceTree = "<group>"; };
		918F9B922A1E8C9F006F4973 /* Shapes.swift */ = {isa = PBXFileReference; lastKnownFileType = sourcecode.swift; path = Shapes.swift; sourceTree = "<group>"; };
		91A07A762AAA15D300E4540C /* ItemMO.swift */ = {isa = PBXFileReference; lastKnownFileType = sourcecode.swift; path = ItemMO.swift; sourceTree = "<group>"; };
		91A07A782AABB73200E4540C /* FileManager+Extensions.swift */ = {isa = PBXFileReference; lastKnownFileType = sourcecode.swift; path = "FileManager+Extensions.swift"; sourceTree = "<group>"; };
		91A07A7A2AABBD6600E4540C /* MediaVM.swift */ = {isa = PBXFileReference; fileEncoding = 4; lastKnownFileType = sourcecode.swift; path = MediaVM.swift; sourceTree = "<group>"; };
		91B04C0829DDF9CA003B29AB /* StatisticsView.swift */ = {isa = PBXFileReference; lastKnownFileType = sourcecode.swift; path = StatisticsView.swift; sourceTree = "<group>"; };
		91B380AB29A0FA90003163AB /* Info.plist */ = {isa = PBXFileReference; lastKnownFileType = text.plist.xml; path = Info.plist; sourceTree = "<group>"; };
		91B380AC29A10280003163AB /* Color+Extensions.swift */ = {isa = PBXFileReference; lastKnownFileType = sourcecode.swift; path = "Color+Extensions.swift"; sourceTree = "<group>"; };
		91B380B229A1124C003163AB /* ChapterMO.swift */ = {isa = PBXFileReference; lastKnownFileType = sourcecode.swift; path = ChapterMO.swift; sourceTree = "<group>"; };
		91B380B829A118ED003163AB /* ChapterVM.swift */ = {isa = PBXFileReference; lastKnownFileType = sourcecode.swift; path = ChapterVM.swift; sourceTree = "<group>"; };
		91B380BA29A11A41003163AB /* ItemVM.swift */ = {isa = PBXFileReference; lastKnownFileType = sourcecode.swift; path = ItemVM.swift; sourceTree = "<group>"; };
		91B380BC29A120D7003163AB /* ChapterCellView.swift */ = {isa = PBXFileReference; lastKnownFileType = sourcecode.swift; path = ChapterCellView.swift; sourceTree = "<group>"; };
		91B380BE29A240B8003163AB /* Date+Extensions.swift */ = {isa = PBXFileReference; lastKnownFileType = sourcecode.swift; path = "Date+Extensions.swift"; sourceTree = "<group>"; };
		91B380C029A243E3003163AB /* Font+Extensions.swift */ = {isa = PBXFileReference; lastKnownFileType = sourcecode.swift; path = "Font+Extensions.swift"; sourceTree = "<group>"; };
		91B380C629A267D1003163AB /* View+Extensions.swift */ = {isa = PBXFileReference; lastKnownFileType = sourcecode.swift; path = "View+Extensions.swift"; sourceTree = "<group>"; };
		91B380C829A26D0F003163AB /* UIApplication+Extensions.swift */ = {isa = PBXFileReference; lastKnownFileType = sourcecode.swift; path = "UIApplication+Extensions.swift"; sourceTree = "<group>"; };
		91B72C732AD475A90035ADFE /* StatisticsVM.swift */ = {isa = PBXFileReference; fileEncoding = 4; lastKnownFileType = sourcecode.swift; path = StatisticsVM.swift; sourceTree = "<group>"; };
		91BEF96829B0B94600FE68C6 /* MediaMO.swift */ = {isa = PBXFileReference; lastKnownFileType = sourcecode.swift; path = MediaMO.swift; sourceTree = "<group>"; };
		91CCE4D329A0E61C005C6441 /* MemoriesSwiftUI.app */ = {isa = PBXFileReference; explicitFileType = wrapper.application; includeInIndex = 0; path = MemoriesSwiftUI.app; sourceTree = BUILT_PRODUCTS_DIR; };
		91CCE4D629A0E61C005C6441 /* MemoriesSwiftUIApp.swift */ = {isa = PBXFileReference; lastKnownFileType = sourcecode.swift; path = MemoriesSwiftUIApp.swift; sourceTree = "<group>"; };
		91CCE4D829A0E61C005C6441 /* ContentView.swift */ = {isa = PBXFileReference; lastKnownFileType = sourcecode.swift; path = ContentView.swift; sourceTree = "<group>"; };
		91CCE4DA29A0E61D005C6441 /* Assets.xcassets */ = {isa = PBXFileReference; lastKnownFileType = folder.assetcatalog; path = Assets.xcassets; sourceTree = "<group>"; };
		91CCE4DD29A0E61D005C6441 /* Preview Assets.xcassets */ = {isa = PBXFileReference; lastKnownFileType = folder.assetcatalog; path = "Preview Assets.xcassets"; sourceTree = "<group>"; };
		91CCE4DF29A0E61D005C6441 /* Persistence.swift */ = {isa = PBXFileReference; lastKnownFileType = sourcecode.swift; path = Persistence.swift; sourceTree = "<group>"; };
		91CCE4E829A0E61E005C6441 /* MemoriesSwiftUITests.xctest */ = {isa = PBXFileReference; explicitFileType = wrapper.cfbundle; includeInIndex = 0; path = MemoriesSwiftUITests.xctest; sourceTree = BUILT_PRODUCTS_DIR; };
		91CCE4EC29A0E61E005C6441 /* ChaptersTests.swift */ = {isa = PBXFileReference; lastKnownFileType = sourcecode.swift; path = ChaptersTests.swift; sourceTree = "<group>"; };
		91CCE4F229A0E61E005C6441 /* MemoriesSwiftUIUITests.xctest */ = {isa = PBXFileReference; explicitFileType = wrapper.cfbundle; includeInIndex = 0; path = MemoriesSwiftUIUITests.xctest; sourceTree = BUILT_PRODUCTS_DIR; };
		91CCE4F629A0E61E005C6441 /* MemoriesTests.swift */ = {isa = PBXFileReference; lastKnownFileType = sourcecode.swift; path = MemoriesTests.swift; sourceTree = "<group>"; };
		91CCE4F829A0E61E005C6441 /* MemoriesSwiftUIUITestsLaunchTests.swift */ = {isa = PBXFileReference; lastKnownFileType = sourcecode.swift; path = MemoriesSwiftUIUITestsLaunchTests.swift; sourceTree = "<group>"; };
		91CCE50829A0E7B4005C6441 /* InputAccessoryView.swift */ = {isa = PBXFileReference; lastKnownFileType = sourcecode.swift; path = InputAccessoryView.swift; sourceTree = "<group>"; };
		91CDDA552A24D5C3001EAE9A /* StatsTests.swift */ = {isa = PBXFileReference; lastKnownFileType = sourcecode.swift; path = StatsTests.swift; sourceTree = "<group>"; };
		91E2ACE12A0569B40043BE42 /* LineChartProvider.swift */ = {isa = PBXFileReference; lastKnownFileType = sourcecode.swift; path = LineChartProvider.swift; sourceTree = "<group>"; };
		91E2ACE32A0951D00043BE42 /* Сonstants.swift */ = {isa = PBXFileReference; lastKnownFileType = sourcecode.swift; path = "Сonstants.swift"; sourceTree = "<group>"; };
		91E2ACE52A0D0D750043BE42 /* SwipeItemView.swift */ = {isa = PBXFileReference; lastKnownFileType = sourcecode.swift; path = SwipeItemView.swift; sourceTree = "<group>"; };
		91E2ACE72A0E6FEB0043BE42 /* SearchBar.swift */ = {isa = PBXFileReference; lastKnownFileType = sourcecode.swift; path = SearchBar.swift; sourceTree = "<group>"; };
		91E2ACEA2A0E70A50043BE42 /* PreferenceKeys.swift */ = {isa = PBXFileReference; lastKnownFileType = sourcecode.swift; path = PreferenceKeys.swift; sourceTree = "<group>"; };
		91E2ACEC2A0E9EC10043BE42 /* BottomPopUpView.swift */ = {isa = PBXFileReference; lastKnownFileType = sourcecode.swift; path = BottomPopUpView.swift; sourceTree = "<group>"; };
		91EF8A762AA0F95200E8AD2C /* zh-Hant */ = {isa = PBXFileReference; lastKnownFileType = text.plist.strings; name = "zh-Hant"; path = "zh-Hant.lproj/Localizable.strings"; sourceTree = "<group>"; };
		91EF8A782AA0F96800E8AD2C /* en */ = {isa = PBXFileReference; lastKnownFileType = text.plist.strings; name = en; path = en.lproj/Localizable.strings; sourceTree = "<group>"; };
		91EF8A792AA0F96A00E8AD2C /* ru */ = {isa = PBXFileReference; lastKnownFileType = text.plist.strings; name = ru; path = ru.lproj/Localizable.strings; sourceTree = "<group>"; };
		91F6F46329B508CC00DCF329 /* MemoriesSwiftUI.xcdatamodel */ = {isa = PBXFileReference; lastKnownFileType = wrapper.xcdatamodel; path = MemoriesSwiftUI.xcdatamodel; sourceTree = "<group>"; };
/* End PBXFileReference section */

/* Begin PBXFrameworksBuildPhase section */
		91CCE4D029A0E61C005C6441 /* Frameworks */ = {
			isa = PBXFrameworksBuildPhase;
			buildActionMask = 2147483647;
			files = (
			);
			runOnlyForDeploymentPostprocessing = 0;
		};
		91CCE4E529A0E61E005C6441 /* Frameworks */ = {
			isa = PBXFrameworksBuildPhase;
			buildActionMask = 2147483647;
			files = (
			);
			runOnlyForDeploymentPostprocessing = 0;
		};
		91CCE4EF29A0E61E005C6441 /* Frameworks */ = {
			isa = PBXFrameworksBuildPhase;
			buildActionMask = 2147483647;
			files = (
			);
			runOnlyForDeploymentPostprocessing = 0;
		};
/* End PBXFrameworksBuildPhase section */

/* Begin PBXGroup section */
		9107ADA329C754590030A3C7 /* Core */ = {
			isa = PBXGroup;
			children = (
				91E2ACDE2A0414FD0043BE42 /* ViewModifiers */,
				912BBD3129F959DE003BFD65 /* UIViewRepresentable */,
				91E2ACE92A0E70270043BE42 /* Helpers */,
				9107ADA629C7560E0030A3C7 /* MainViews */,
			);
			path = Core;
			sourceTree = "<group>";
		};
		9107ADA629C7560E0030A3C7 /* MainViews */ = {
			isa = PBXGroup;
			children = (
				91CCE4D829A0E61C005C6441 /* ContentView.swift */,
				91CCE50829A0E7B4005C6441 /* InputAccessoryView.swift */,
				91B72C682AD471B00035ADFE /* Chapter */,
				917D171929E6CBD4009B9E8A /* Memory */,
				91E2ACE02A0569960043BE42 /* Statistics */,
				91B72C702AD4746C0035ADFE /* BottomPopUp */,
			);
			path = MainViews;
			sourceTree = "<group>";
		};
		912BBD3129F959DE003BFD65 /* UIViewRepresentable */ = {
			isa = PBXGroup;
			children = (
				917D171429E6C586009B9E8A /* BlurView.swift */,
				91769A7229A6362B0087E769 /* AutosizingTextField.swift */,
				91769A7B29AFA0B90087E769 /* ImagePicker.swift */,
				91E2ACE72A0E6FEB0043BE42 /* SearchBar.swift */,
			);
			path = UIViewRepresentable;
			sourceTree = "<group>";
		};
		91769A7829ACD5E10087E769 /* Services */ = {
			isa = PBXGroup;
			children = (
				91B380B829A118ED003163AB /* ChapterVM.swift */,
				91B380BA29A11A41003163AB /* ItemVM.swift */,
				91A07A7A2AABBD6600E4540C /* MediaVM.swift */,
				912B14622A02C2530081ED84 /* AudioRecorderVM.swift */,
				912B14662A02C2690081ED84 /* AudioPlayerVM.swift */,
				913272A92A16648100D573EC /* QuickActionVM.swift */,
			);
			path = Services;
			sourceTree = "<group>";
		};
		917D171929E6CBD4009B9E8A /* Memory */ = {
			isa = PBXGroup;
			children = (
				91B72C6C2AD472270035ADFE /* ViewModels */,
				91B72C6B2AD472230035ADFE /* Views */,
			);
			path = Memory;
			sourceTree = "<group>";
		};
		918F9B8F2A1E63F9006F4973 /* SentimentClassifier */ = {
			isa = PBXGroup;
			children = (
				912B144E2A002DF60081ED84 /* SentimentClassifier.mlmodel */,
				918F9B902A1E6435006F4973 /* CreateModel.swift */,
			);
			path = SentimentClassifier;
			sourceTree = "<group>";
		};
		91B380AE29A10C15003163AB /* Extensions */ = {
			isa = PBXGroup;
			children = (
				91A07A782AABB73200E4540C /* FileManager+Extensions.swift */,
				91B380AC29A10280003163AB /* Color+Extensions.swift */,
				917D171C29E6FD34009B9E8A /* Image+Extensions.swift */,
				91B380BE29A240B8003163AB /* Date+Extensions.swift */,
				91B380C029A243E3003163AB /* Font+Extensions.swift */,
				91B380C629A267D1003163AB /* View+Extensions.swift */,
				91769A7029A4F0F00087E769 /* String+Extensions.swift */,
				91B380C829A26D0F003163AB /* UIApplication+Extensions.swift */,
				912B14562A012D310081ED84 /* Array+Extensions.swift */,
				912B145A2A012D500081ED84 /* Character+Extensions.swift */,
				912B145E2A029B760081ED84 /* Int+Extensions.swift */,
			);
			path = Extensions;
			sourceTree = "<group>";
		};
		91B380AF29A10CCA003163AB /* Models */ = {
			isa = PBXGroup;
			children = (
				91B380B229A1124C003163AB /* ChapterMO.swift */,
				91A07A762AAA15D300E4540C /* ItemMO.swift */,
				91BEF96829B0B94600FE68C6 /* MediaMO.swift */,
				9107ADE429CF16BF0030A3C7 /* MediaAlbumMO.swift */,
				91CCE4DF29A0E61D005C6441 /* Persistence.swift */,
				91F6F46229B508CC00DCF329 /* MemoriesSwiftUI.xcdatamodeld */,
			);
			path = Models;
			sourceTree = "<group>";
		};
		91B72C682AD471B00035ADFE /* Chapter */ = {
			isa = PBXGroup;
			children = (
				91B72C6A2AD471F30035ADFE /* ViewModels */,
				91B72C692AD471EE0035ADFE /* Views */,
			);
			path = Chapter;
			sourceTree = "<group>";
		};
		91B72C692AD471EE0035ADFE /* Views */ = {
			isa = PBXGroup;
			children = (
				91B380BC29A120D7003163AB /* ChapterCellView.swift */,
			);
			path = Views;
			sourceTree = "<group>";
		};
		91B72C6A2AD471F30035ADFE /* ViewModels */ = {
			isa = PBXGroup;
			children = (
			);
			path = ViewModels;
			sourceTree = "<group>";
		};
		91B72C6B2AD472230035ADFE /* Views */ = {
			isa = PBXGroup;
			children = (
				9107ADA729CDF4CE0030A3C7 /* MemoryCellView.swift */,
				917D171729E6C5EB009B9E8A /* CollageLayoutView.swift */,
				91E2ACE52A0D0D750043BE42 /* SwipeItemView.swift */,
			);
			path = Views;
			sourceTree = "<group>";
		};
		91B72C6C2AD472270035ADFE /* ViewModels */ = {
			isa = PBXGroup;
			children = (
			);
			path = ViewModels;
			sourceTree = "<group>";
		};
		91B72C6D2AD472370035ADFE /* Views */ = {
			isa = PBXGroup;
			children = (
				91B04C0829DDF9CA003B29AB /* StatisticsView.swift */,
				91E2ACE12A0569B40043BE42 /* LineChartProvider.swift */,
			);
			path = Views;
			sourceTree = "<group>";
		};
		91B72C6E2AD472420035ADFE /* ViewModels */ = {
			isa = PBXGroup;
			children = (
				91B72C732AD475A90035ADFE /* StatisticsVM.swift */,
			);
			path = ViewModels;
			sourceTree = "<group>";
		};
		91B72C702AD4746C0035ADFE /* BottomPopUp */ = {
			isa = PBXGroup;
			children = (
				91B72C722AD4747A0035ADFE /* ViewModels */,
				91B72C712AD474760035ADFE /* Views */,
			);
			path = BottomPopUp;
			sourceTree = "<group>";
		};
		91B72C712AD474760035ADFE /* Views */ = {
			isa = PBXGroup;
			children = (
				91E2ACEC2A0E9EC10043BE42 /* BottomPopUpView.swift */,
			);
			path = Views;
			sourceTree = "<group>";
		};
		91B72C722AD4747A0035ADFE /* ViewModels */ = {
			isa = PBXGroup;
			children = (
				9158CD232ACE0056003720D5 /* BottomPopUpVM.swift */,
			);
			path = ViewModels;
			sourceTree = "<group>";
		};
		91CCE4CA29A0E61C005C6441 = {
			isa = PBXGroup;
			children = (
				91EF8A772AA0F95200E8AD2C /* Localizable.strings */,
				91CCE4D529A0E61C005C6441 /* MemoriesSwiftUI */,
				91CCE4EB29A0E61E005C6441 /* MemoriesUnitTests */,
				91CCE4F529A0E61E005C6441 /* MemoriesSwiftUIUITests */,
				91CCE4D429A0E61C005C6441 /* Products */,
			);
			sourceTree = "<group>";
		};
		91CCE4D429A0E61C005C6441 /* Products */ = {
			isa = PBXGroup;
			children = (
				91CCE4D329A0E61C005C6441 /* MemoriesSwiftUI.app */,
				91CCE4E829A0E61E005C6441 /* MemoriesSwiftUITests.xctest */,
				91CCE4F229A0E61E005C6441 /* MemoriesSwiftUIUITests.xctest */,
			);
			name = Products;
			sourceTree = "<group>";
		};
		91CCE4D529A0E61C005C6441 /* MemoriesSwiftUI */ = {
			isa = PBXGroup;
			children = (
				91CCE4D629A0E61C005C6441 /* MemoriesSwiftUIApp.swift */,
				918F9B8F2A1E63F9006F4973 /* SentimentClassifier */,
				91B380AE29A10C15003163AB /* Extensions */,
				91B380AF29A10CCA003163AB /* Models */,
				91769A7829ACD5E10087E769 /* Services */,
				9107ADA329C754590030A3C7 /* Core */,
				91CCE4DA29A0E61D005C6441 /* Assets.xcassets */,
				91B380AB29A0FA90003163AB /* Info.plist */,
				91CCE4DC29A0E61D005C6441 /* Preview Content */,
			);
			path = MemoriesSwiftUI;
			sourceTree = "<group>";
		};
		91CCE4DC29A0E61D005C6441 /* Preview Content */ = {
			isa = PBXGroup;
			children = (
				91CCE4DD29A0E61D005C6441 /* Preview Assets.xcassets */,
			);
			path = "Preview Content";
			sourceTree = "<group>";
		};
		91CCE4EB29A0E61E005C6441 /* MemoriesUnitTests */ = {
			isa = PBXGroup;
			children = (
				91CCE4EC29A0E61E005C6441 /* ChaptersTests.swift */,
				918F9B8A2A1CFEB6006F4973 /* ItemsTests.swift */,
				91CDDA552A24D5C3001EAE9A /* StatsTests.swift */,
				918F9B852A1CD8C1006F4973 /* CoreDataStack.swift */,
			);
			path = MemoriesUnitTests;
			sourceTree = "<group>";
		};
		91CCE4F529A0E61E005C6441 /* MemoriesSwiftUIUITests */ = {
			isa = PBXGroup;
			children = (
				91CCE4F629A0E61E005C6441 /* MemoriesTests.swift */,
				91CCE4F829A0E61E005C6441 /* MemoriesSwiftUIUITestsLaunchTests.swift */,
			);
			path = MemoriesSwiftUIUITests;
			sourceTree = "<group>";
		};
		91E2ACDE2A0414FD0043BE42 /* ViewModifiers */ = {
			isa = PBXGroup;
			children = (
				917D171A29E6CE55009B9E8A /* ViewModifiers.swift */,
			);
			path = ViewModifiers;
			sourceTree = "<group>";
		};
		91E2ACE02A0569960043BE42 /* Statistics */ = {
			isa = PBXGroup;
			children = (
				91B72C6E2AD472420035ADFE /* ViewModels */,
				91B72C6D2AD472370035ADFE /* Views */,
			);
			path = Statistics;
			sourceTree = "<group>";
		};
		91E2ACE92A0E70270043BE42 /* Helpers */ = {
			isa = PBXGroup;
			children = (
				91E2ACE32A0951D00043BE42 /* Сonstants.swift */,
				91E2ACEA2A0E70A50043BE42 /* PreferenceKeys.swift */,
				918F9B922A1E8C9F006F4973 /* Shapes.swift */,
			);
			path = Helpers;
			sourceTree = "<group>";
		};
/* End PBXGroup section */

/* Begin PBXNativeTarget section */
		91CCE4D229A0E61C005C6441 /* MemoriesSwiftUI */ = {
			isa = PBXNativeTarget;
			buildConfigurationList = 91CCE4FC29A0E61E005C6441 /* Build configuration list for PBXNativeTarget "MemoriesSwiftUI" */;
			buildPhases = (
				91CCE4CF29A0E61C005C6441 /* Sources */,
				91CCE4D029A0E61C005C6441 /* Frameworks */,
				91CCE4D129A0E61C005C6441 /* Resources */,
			);
			buildRules = (
			);
			dependencies = (
			);
			name = MemoriesSwiftUI;
			productName = MemoriesSwiftUI;
			productReference = 91CCE4D329A0E61C005C6441 /* MemoriesSwiftUI.app */;
			productType = "com.apple.product-type.application";
		};
		91CCE4E729A0E61E005C6441 /* MemoriesSwiftUITests */ = {
			isa = PBXNativeTarget;
			buildConfigurationList = 91CCE4FF29A0E61E005C6441 /* Build configuration list for PBXNativeTarget "MemoriesSwiftUITests" */;
			buildPhases = (
				91CCE4E429A0E61E005C6441 /* Sources */,
				91CCE4E529A0E61E005C6441 /* Frameworks */,
				91CCE4E629A0E61E005C6441 /* Resources */,
			);
			buildRules = (
			);
			dependencies = (
				91CCE4EA29A0E61E005C6441 /* PBXTargetDependency */,
			);
			name = MemoriesSwiftUITests;
			productName = MemoriesSwiftUITests;
			productReference = 91CCE4E829A0E61E005C6441 /* MemoriesSwiftUITests.xctest */;
			productType = "com.apple.product-type.bundle.unit-test";
		};
		91CCE4F129A0E61E005C6441 /* MemoriesSwiftUIUITests */ = {
			isa = PBXNativeTarget;
			buildConfigurationList = 91CCE50229A0E61E005C6441 /* Build configuration list for PBXNativeTarget "MemoriesSwiftUIUITests" */;
			buildPhases = (
				91CCE4EE29A0E61E005C6441 /* Sources */,
				91CCE4EF29A0E61E005C6441 /* Frameworks */,
				91CCE4F029A0E61E005C6441 /* Resources */,
			);
			buildRules = (
			);
			dependencies = (
				91CCE4F429A0E61E005C6441 /* PBXTargetDependency */,
			);
			name = MemoriesSwiftUIUITests;
			productName = MemoriesSwiftUIUITests;
			productReference = 91CCE4F229A0E61E005C6441 /* MemoriesSwiftUIUITests.xctest */;
			productType = "com.apple.product-type.bundle.ui-testing";
		};
/* End PBXNativeTarget section */

/* Begin PBXProject section */
		91CCE4CB29A0E61C005C6441 /* Project object */ = {
			isa = PBXProject;
			attributes = {
				BuildIndependentTargetsInParallel = 1;
				LastSwiftUpdateCheck = 1420;
				LastUpgradeCheck = 1500;
				TargetAttributes = {
					91CCE4D229A0E61C005C6441 = {
						CreatedOnToolsVersion = 14.2;
					};
					91CCE4E729A0E61E005C6441 = {
						CreatedOnToolsVersion = 14.2;
						TestTargetID = 91CCE4D229A0E61C005C6441;
					};
					91CCE4F129A0E61E005C6441 = {
						CreatedOnToolsVersion = 14.2;
						TestTargetID = 91CCE4D229A0E61C005C6441;
					};
				};
			};
			buildConfigurationList = 91CCE4CE29A0E61C005C6441 /* Build configuration list for PBXProject "MemoriesSwiftUI" */;
			compatibilityVersion = "Xcode 14.0";
			developmentRegion = en;
			hasScannedForEncodings = 0;
			knownRegions = (
				en,
				Base,
				ru,
				"zh-Hant",
			);
			mainGroup = 91CCE4CA29A0E61C005C6441;
			productRefGroup = 91CCE4D429A0E61C005C6441 /* Products */;
			projectDirPath = "";
			projectRoot = "";
			targets = (
				91CCE4D229A0E61C005C6441 /* MemoriesSwiftUI */,
				91CCE4E729A0E61E005C6441 /* MemoriesSwiftUITests */,
				91CCE4F129A0E61E005C6441 /* MemoriesSwiftUIUITests */,
			);
		};
/* End PBXProject section */

/* Begin PBXResourcesBuildPhase section */
		91CCE4D129A0E61C005C6441 /* Resources */ = {
			isa = PBXResourcesBuildPhase;
			buildActionMask = 2147483647;
			files = (
				91CCE4DE29A0E61D005C6441 /* Preview Assets.xcassets in Resources */,
				91EF8A752AA0F95200E8AD2C /* Localizable.strings in Resources */,
				91CCE4DB29A0E61D005C6441 /* Assets.xcassets in Resources */,
			);
			runOnlyForDeploymentPostprocessing = 0;
		};
		91CCE4E629A0E61E005C6441 /* Resources */ = {
			isa = PBXResourcesBuildPhase;
			buildActionMask = 2147483647;
			files = (
			);
			runOnlyForDeploymentPostprocessing = 0;
		};
		91CCE4F029A0E61E005C6441 /* Resources */ = {
			isa = PBXResourcesBuildPhase;
			buildActionMask = 2147483647;
			files = (
			);
			runOnlyForDeploymentPostprocessing = 0;
		};
/* End PBXResourcesBuildPhase section */

/* Begin PBXSourcesBuildPhase section */
		91CCE4CF29A0E61C005C6441 /* Sources */ = {
			isa = PBXSourcesBuildPhase;
			buildActionMask = 2147483647;
			files = (
				91769A7129A4F0F00087E769 /* String+Extensions.swift in Sources */,
				918F9B912A1E6435006F4973 /* CreateModel.swift in Sources */,
				91B380C129A243E3003163AB /* Font+Extensions.swift in Sources */,
				912B145F2A029B760081ED84 /* Int+Extensions.swift in Sources */,
				91B04C0929DDF9CA003B29AB /* StatisticsView.swift in Sources */,
				91B380C929A26D0F003163AB /* UIApplication+Extensions.swift in Sources */,
				91B380BD29A120D7003163AB /* ChapterCellView.swift in Sources */,
				91E2ACE62A0D0D750043BE42 /* SwipeItemView.swift in Sources */,
				91E2ACED2A0E9EC10043BE42 /* BottomPopUpView.swift in Sources */,
				91E2ACE22A0569B40043BE42 /* LineChartProvider.swift in Sources */,
				917D171829E6C5EB009B9E8A /* CollageLayoutView.swift in Sources */,
				91CCE4E029A0E61D005C6441 /* Persistence.swift in Sources */,
				917D171D29E6FD34009B9E8A /* Image+Extensions.swift in Sources */,
				912B14572A012D310081ED84 /* Array+Extensions.swift in Sources */,
				91B380B929A118ED003163AB /* ChapterVM.swift in Sources */,
				91F6F46429B508CC00DCF329 /* MemoriesSwiftUI.xcdatamodeld in Sources */,
				917D171B29E6CE55009B9E8A /* ViewModifiers.swift in Sources */,
				91A07A772AAA15D300E4540C /* ItemMO.swift in Sources */,
				91A07A7B2AABBD6600E4540C /* MediaVM.swift in Sources */,
				918F9B932A1E8C9F006F4973 /* Shapes.swift in Sources */,
				91B380AD29A10280003163AB /* Color+Extensions.swift in Sources */,
				91E2ACE42A0951D00043BE42 /* Сonstants.swift in Sources */,
				9107ADE529CF16BF0030A3C7 /* MediaAlbumMO.swift in Sources */,
				91CCE4D929A0E61C005C6441 /* ContentView.swift in Sources */,
				91B72C742AD475A90035ADFE /* StatisticsVM.swift in Sources */,
				91769A7329A6362B0087E769 /* AutosizingTextField.swift in Sources */,
				917D171529E6C586009B9E8A /* BlurView.swift in Sources */,
				9158CD242ACE0056003720D5 /* BottomPopUpVM.swift in Sources */,
				91CCE50929A0E7B4005C6441 /* InputAccessoryView.swift in Sources */,
				91769A7C29AFA0B90087E769 /* ImagePicker.swift in Sources */,
				91BEF96929B0B94600FE68C6 /* MediaMO.swift in Sources */,
				912B14632A02C2530081ED84 /* AudioRecorderVM.swift in Sources */,
				91B380BF29A240B8003163AB /* Date+Extensions.swift in Sources */,
				91B380C729A267D1003163AB /* View+Extensions.swift in Sources */,
				91CCE4D729A0E61C005C6441 /* MemoriesSwiftUIApp.swift in Sources */,
				91B380BB29A11A41003163AB /* ItemVM.swift in Sources */,
				913272AA2A16648100D573EC /* QuickActionVM.swift in Sources */,
				912B145B2A012D500081ED84 /* Character+Extensions.swift in Sources */,
				912B14672A02C2690081ED84 /* AudioPlayerVM.swift in Sources */,
				91B380B329A1124C003163AB /* ChapterMO.swift in Sources */,
				91E2ACE82A0E6FEC0043BE42 /* SearchBar.swift in Sources */,
				91A07A792AABB73200E4540C /* FileManager+Extensions.swift in Sources */,
				91E2ACEB2A0E70A50043BE42 /* PreferenceKeys.swift in Sources */,
				9107ADA829CDF4CE0030A3C7 /* MemoryCellView.swift in Sources */,
				912B144F2A002DF60081ED84 /* SentimentClassifier.mlmodel in Sources */,
			);
			runOnlyForDeploymentPostprocessing = 0;
		};
		91CCE4E429A0E61E005C6441 /* Sources */ = {
			isa = PBXSourcesBuildPhase;
			buildActionMask = 2147483647;
			files = (
				918F9B8B2A1CFEB6006F4973 /* ItemsTests.swift in Sources */,
				912B14582A012D310081ED84 /* Array+Extensions.swift in Sources */,
				912B145C2A012D500081ED84 /* Character+Extensions.swift in Sources */,
				918F9B882A1CE092006F4973 /* CoreDataStack.swift in Sources */,
				912B14602A029B760081ED84 /* Int+Extensions.swift in Sources */,
				91CDDA562A24D5C3001EAE9A /* StatsTests.swift in Sources */,
				918F9B892A1CE094006F4973 /* ChaptersTests.swift in Sources */,
				91B72C752AD475A90035ADFE /* StatisticsVM.swift in Sources */,
				912B14502A002DF60081ED84 /* SentimentClassifier.mlmodel in Sources */,
			);
			runOnlyForDeploymentPostprocessing = 0;
		};
		91CCE4EE29A0E61E005C6441 /* Sources */ = {
			isa = PBXSourcesBuildPhase;
			buildActionMask = 2147483647;
			files = (
				912B14592A012D310081ED84 /* Array+Extensions.swift in Sources */,
				91CCE4F729A0E61E005C6441 /* MemoriesTests.swift in Sources */,
				91CCE4F929A0E61E005C6441 /* MemoriesSwiftUIUITestsLaunchTests.swift in Sources */,
				91B72C762AD475A90035ADFE /* StatisticsVM.swift in Sources */,
				912B14612A029B760081ED84 /* Int+Extensions.swift in Sources */,
				912B14512A002DF60081ED84 /* SentimentClassifier.mlmodel in Sources */,
				912B145D2A012D500081ED84 /* Character+Extensions.swift in Sources */,
			);
			runOnlyForDeploymentPostprocessing = 0;
		};
/* End PBXSourcesBuildPhase section */

/* Begin PBXTargetDependency section */
		91CCE4EA29A0E61E005C6441 /* PBXTargetDependency */ = {
			isa = PBXTargetDependency;
			target = 91CCE4D229A0E61C005C6441 /* MemoriesSwiftUI */;
			targetProxy = 91CCE4E929A0E61E005C6441 /* PBXContainerItemProxy */;
		};
		91CCE4F429A0E61E005C6441 /* PBXTargetDependency */ = {
			isa = PBXTargetDependency;
			target = 91CCE4D229A0E61C005C6441 /* MemoriesSwiftUI */;
			targetProxy = 91CCE4F329A0E61E005C6441 /* PBXContainerItemProxy */;
		};
/* End PBXTargetDependency section */

/* Begin PBXVariantGroup section */
		91EF8A772AA0F95200E8AD2C /* Localizable.strings */ = {
			isa = PBXVariantGroup;
			children = (
				91EF8A762AA0F95200E8AD2C /* zh-Hant */,
				91EF8A782AA0F96800E8AD2C /* en */,
				91EF8A792AA0F96A00E8AD2C /* ru */,
			);
			name = Localizable.strings;
			sourceTree = "<group>";
		};
/* End PBXVariantGroup section */

/* Begin XCBuildConfiguration section */
		91CCE4FA29A0E61E005C6441 /* Debug */ = {
			isa = XCBuildConfiguration;
			buildSettings = {
				ALWAYS_SEARCH_USER_PATHS = NO;
				CLANG_ANALYZER_LOCALIZABILITY_NONLOCALIZED = YES;
				CLANG_ANALYZER_NONNULL = YES;
				CLANG_ANALYZER_NUMBER_OBJECT_CONVERSION = YES_AGGRESSIVE;
				CLANG_CXX_LANGUAGE_STANDARD = "gnu++20";
				CLANG_ENABLE_MODULES = YES;
				CLANG_ENABLE_OBJC_ARC = YES;
				CLANG_ENABLE_OBJC_WEAK = YES;
				CLANG_WARN_BLOCK_CAPTURE_AUTORELEASING = YES;
				CLANG_WARN_BOOL_CONVERSION = YES;
				CLANG_WARN_COMMA = YES;
				CLANG_WARN_CONSTANT_CONVERSION = YES;
				CLANG_WARN_DEPRECATED_OBJC_IMPLEMENTATIONS = YES;
				CLANG_WARN_DIRECT_OBJC_ISA_USAGE = YES_ERROR;
				CLANG_WARN_DOCUMENTATION_COMMENTS = YES;
				CLANG_WARN_EMPTY_BODY = YES;
				CLANG_WARN_ENUM_CONVERSION = YES;
				CLANG_WARN_INFINITE_RECURSION = YES;
				CLANG_WARN_INT_CONVERSION = YES;
				CLANG_WARN_NON_LITERAL_NULL_CONVERSION = YES;
				CLANG_WARN_OBJC_IMPLICIT_RETAIN_SELF = YES;
				CLANG_WARN_OBJC_LITERAL_CONVERSION = YES;
				CLANG_WARN_OBJC_ROOT_CLASS = YES_ERROR;
				CLANG_WARN_QUOTED_INCLUDE_IN_FRAMEWORK_HEADER = YES;
				CLANG_WARN_RANGE_LOOP_ANALYSIS = YES;
				CLANG_WARN_STRICT_PROTOTYPES = YES;
				CLANG_WARN_SUSPICIOUS_MOVE = YES;
				CLANG_WARN_UNGUARDED_AVAILABILITY = YES_AGGRESSIVE;
				CLANG_WARN_UNREACHABLE_CODE = YES;
				CLANG_WARN__DUPLICATE_METHOD_MATCH = YES;
				COPY_PHASE_STRIP = NO;
				DEBUG_INFORMATION_FORMAT = dwarf;
				ENABLE_STRICT_OBJC_MSGSEND = YES;
				ENABLE_TESTABILITY = YES;
				ENABLE_USER_SCRIPT_SANDBOXING = YES;
				GCC_C_LANGUAGE_STANDARD = gnu11;
				GCC_DYNAMIC_NO_PIC = NO;
				GCC_NO_COMMON_BLOCKS = YES;
				GCC_OPTIMIZATION_LEVEL = 0;
				GCC_PREPROCESSOR_DEFINITIONS = (
					"DEBUG=1",
					"$(inherited)",
				);
				GCC_WARN_64_TO_32_BIT_CONVERSION = YES;
				GCC_WARN_ABOUT_RETURN_TYPE = YES_ERROR;
				GCC_WARN_UNDECLARED_SELECTOR = YES;
				GCC_WARN_UNINITIALIZED_AUTOS = YES_AGGRESSIVE;
				GCC_WARN_UNUSED_FUNCTION = YES;
				GCC_WARN_UNUSED_VARIABLE = YES;
				INFOPLIST_KEY_UIApplicationSceneManifest_Generation = NO;
				IPHONEOS_DEPLOYMENT_TARGET = 16.2;
				MTL_ENABLE_DEBUG_INFO = INCLUDE_SOURCE;
				MTL_FAST_MATH = YES;
				ONLY_ACTIVE_ARCH = YES;
				SDKROOT = iphoneos;
				SWIFT_ACTIVE_COMPILATION_CONDITIONS = DEBUG;
				SWIFT_OPTIMIZATION_LEVEL = "-Onone";
			};
			name = Debug;
		};
		91CCE4FB29A0E61E005C6441 /* Release */ = {
			isa = XCBuildConfiguration;
			buildSettings = {
				ALWAYS_SEARCH_USER_PATHS = NO;
				CLANG_ANALYZER_LOCALIZABILITY_NONLOCALIZED = YES;
				CLANG_ANALYZER_NONNULL = YES;
				CLANG_ANALYZER_NUMBER_OBJECT_CONVERSION = YES_AGGRESSIVE;
				CLANG_CXX_LANGUAGE_STANDARD = "gnu++20";
				CLANG_ENABLE_MODULES = YES;
				CLANG_ENABLE_OBJC_ARC = YES;
				CLANG_ENABLE_OBJC_WEAK = YES;
				CLANG_WARN_BLOCK_CAPTURE_AUTORELEASING = YES;
				CLANG_WARN_BOOL_CONVERSION = YES;
				CLANG_WARN_COMMA = YES;
				CLANG_WARN_CONSTANT_CONVERSION = YES;
				CLANG_WARN_DEPRECATED_OBJC_IMPLEMENTATIONS = YES;
				CLANG_WARN_DIRECT_OBJC_ISA_USAGE = YES_ERROR;
				CLANG_WARN_DOCUMENTATION_COMMENTS = YES;
				CLANG_WARN_EMPTY_BODY = YES;
				CLANG_WARN_ENUM_CONVERSION = YES;
				CLANG_WARN_INFINITE_RECURSION = YES;
				CLANG_WARN_INT_CONVERSION = YES;
				CLANG_WARN_NON_LITERAL_NULL_CONVERSION = YES;
				CLANG_WARN_OBJC_IMPLICIT_RETAIN_SELF = YES;
				CLANG_WARN_OBJC_LITERAL_CONVERSION = YES;
				CLANG_WARN_OBJC_ROOT_CLASS = YES_ERROR;
				CLANG_WARN_QUOTED_INCLUDE_IN_FRAMEWORK_HEADER = YES;
				CLANG_WARN_RANGE_LOOP_ANALYSIS = YES;
				CLANG_WARN_STRICT_PROTOTYPES = YES;
				CLANG_WARN_SUSPICIOUS_MOVE = YES;
				CLANG_WARN_UNGUARDED_AVAILABILITY = YES_AGGRESSIVE;
				CLANG_WARN_UNREACHABLE_CODE = YES;
				CLANG_WARN__DUPLICATE_METHOD_MATCH = YES;
				COPY_PHASE_STRIP = NO;
				DEBUG_INFORMATION_FORMAT = "dwarf-with-dsym";
				ENABLE_NS_ASSERTIONS = NO;
				ENABLE_STRICT_OBJC_MSGSEND = YES;
				ENABLE_USER_SCRIPT_SANDBOXING = YES;
				GCC_C_LANGUAGE_STANDARD = gnu11;
				GCC_NO_COMMON_BLOCKS = YES;
				GCC_WARN_64_TO_32_BIT_CONVERSION = YES;
				GCC_WARN_ABOUT_RETURN_TYPE = YES_ERROR;
				GCC_WARN_UNDECLARED_SELECTOR = YES;
				GCC_WARN_UNINITIALIZED_AUTOS = YES_AGGRESSIVE;
				GCC_WARN_UNUSED_FUNCTION = YES;
				GCC_WARN_UNUSED_VARIABLE = YES;
				INFOPLIST_KEY_UIApplicationSceneManifest_Generation = NO;
				IPHONEOS_DEPLOYMENT_TARGET = 16.2;
				MTL_ENABLE_DEBUG_INFO = NO;
				MTL_FAST_MATH = YES;
				SDKROOT = iphoneos;
				SWIFT_COMPILATION_MODE = wholemodule;
				SWIFT_OPTIMIZATION_LEVEL = "-O";
				VALIDATE_PRODUCT = YES;
			};
			name = Release;
		};
		91CCE4FD29A0E61E005C6441 /* Debug */ = {
			isa = XCBuildConfiguration;
			buildSettings = {
				ASSETCATALOG_COMPILER_APPICON_NAME = AppIcon;
				ASSETCATALOG_COMPILER_GLOBAL_ACCENT_COLOR_NAME = AccentColor;
				CODE_SIGN_STYLE = Automatic;
				CURRENT_PROJECT_VERSION = 1;
				DEVELOPMENT_ASSET_PATHS = "\"MemoriesSwiftUI/Preview Content\"";
				DEVELOPMENT_TEAM = 93HP7KN2HJ;
				ENABLE_PREVIEWS = YES;
				GENERATE_INFOPLIST_FILE = YES;
				INFOPLIST_FILE = MemoriesSwiftUI/Info.plist;
				INFOPLIST_KEY_CFBundleDisplayName = Memories;
				INFOPLIST_KEY_LSApplicationCategoryType = "";
				INFOPLIST_KEY_NSCameraUsageDescription = "This applications requires the use of your camera";
				INFOPLIST_KEY_NSMicrophoneUsageDescription = "Это приложение запрашивает доступ к вашему микрофону.";
				INFOPLIST_KEY_NSPhotoLibraryUsageDescription = "Это приложение запрашивает использование вашей библиотеки.";
				INFOPLIST_KEY_UIApplicationSupportsIndirectInputEvents = YES;
				INFOPLIST_KEY_UILaunchScreen_Generation = YES;
				INFOPLIST_KEY_UIRequiresFullScreen = YES;
				INFOPLIST_KEY_UISupportedInterfaceOrientations = UIInterfaceOrientationPortrait;
				LD_RUNPATH_SEARCH_PATHS = (
					"$(inherited)",
					"@executable_path/Frameworks",
				);
				MARKETING_VERSION = 1.0;
				PRODUCT_BUNDLE_IDENTIFIER = pamapp.memories;
				PRODUCT_NAME = "$(TARGET_NAME)";
				SWIFT_EMIT_LOC_STRINGS = YES;
				SWIFT_VERSION = 5.0;
				TARGETED_DEVICE_FAMILY = "1,2";
			};
			name = Debug;
		};
		91CCE4FE29A0E61E005C6441 /* Release */ = {
			isa = XCBuildConfiguration;
			buildSettings = {
				ASSETCATALOG_COMPILER_APPICON_NAME = AppIcon;
				ASSETCATALOG_COMPILER_GLOBAL_ACCENT_COLOR_NAME = AccentColor;
				CODE_SIGN_STYLE = Automatic;
				CURRENT_PROJECT_VERSION = 1;
				DEVELOPMENT_ASSET_PATHS = "\"MemoriesSwiftUI/Preview Content\"";
				DEVELOPMENT_TEAM = 93HP7KN2HJ;
				ENABLE_PREVIEWS = YES;
				GENERATE_INFOPLIST_FILE = YES;
				INFOPLIST_FILE = MemoriesSwiftUI/Info.plist;
				INFOPLIST_KEY_CFBundleDisplayName = Memories;
				INFOPLIST_KEY_LSApplicationCategoryType = "";
				INFOPLIST_KEY_NSCameraUsageDescription = "This applications requires the use of your camera";
				INFOPLIST_KEY_NSMicrophoneUsageDescription = "Это приложение запрашивает доступ к вашему микрофону.";
				INFOPLIST_KEY_NSPhotoLibraryUsageDescription = "Это приложение запрашивает использование вашей библиотеки.";
				INFOPLIST_KEY_UIApplicationSupportsIndirectInputEvents = YES;
				INFOPLIST_KEY_UILaunchScreen_Generation = YES;
				INFOPLIST_KEY_UIRequiresFullScreen = YES;
				INFOPLIST_KEY_UISupportedInterfaceOrientations = UIInterfaceOrientationPortrait;
				LD_RUNPATH_SEARCH_PATHS = (
					"$(inherited)",
					"@executable_path/Frameworks",
				);
				MARKETING_VERSION = 1.0;
				PRODUCT_BUNDLE_IDENTIFIER = pamapp.memories;
				PRODUCT_NAME = "$(TARGET_NAME)";
				SWIFT_EMIT_LOC_STRINGS = YES;
				SWIFT_VERSION = 5.0;
				TARGETED_DEVICE_FAMILY = "1,2";
			};
			name = Release;
		};
		91CCE50029A0E61E005C6441 /* Debug */ = {
			isa = XCBuildConfiguration;
			buildSettings = {
				ALWAYS_EMBED_SWIFT_STANDARD_LIBRARIES = YES;
				BUNDLE_LOADER = "$(TEST_HOST)";
				CODE_SIGN_STYLE = Automatic;
				CURRENT_PROJECT_VERSION = 1;
				DEVELOPMENT_TEAM = 93HP7KN2HJ;
				GENERATE_INFOPLIST_FILE = YES;
				IPHONEOS_DEPLOYMENT_TARGET = 16.2;
				MARKETING_VERSION = 1.0;
				PRODUCT_BUNDLE_IDENTIFIER = "com.pamapp.memories-swiftui.MemoriesSwiftUITests";
				PRODUCT_NAME = "$(TARGET_NAME)";
				SWIFT_EMIT_LOC_STRINGS = NO;
				SWIFT_VERSION = 5.0;
				TARGETED_DEVICE_FAMILY = "1,2";
				TEST_HOST = "$(BUILT_PRODUCTS_DIR)/MemoriesSwiftUI.app/$(BUNDLE_EXECUTABLE_FOLDER_PATH)/MemoriesSwiftUI";
			};
			name = Debug;
		};
		91CCE50129A0E61E005C6441 /* Release */ = {
			isa = XCBuildConfiguration;
			buildSettings = {
				ALWAYS_EMBED_SWIFT_STANDARD_LIBRARIES = YES;
				BUNDLE_LOADER = "$(TEST_HOST)";
				CODE_SIGN_STYLE = Automatic;
				CURRENT_PROJECT_VERSION = 1;
				DEVELOPMENT_TEAM = 93HP7KN2HJ;
				GENERATE_INFOPLIST_FILE = YES;
				IPHONEOS_DEPLOYMENT_TARGET = 16.2;
				MARKETING_VERSION = 1.0;
				PRODUCT_BUNDLE_IDENTIFIER = "com.pamapp.memories-swiftui.MemoriesSwiftUITests";
				PRODUCT_NAME = "$(TARGET_NAME)";
				SWIFT_EMIT_LOC_STRINGS = NO;
				SWIFT_VERSION = 5.0;
				TARGETED_DEVICE_FAMILY = "1,2";
				TEST_HOST = "$(BUILT_PRODUCTS_DIR)/MemoriesSwiftUI.app/$(BUNDLE_EXECUTABLE_FOLDER_PATH)/MemoriesSwiftUI";
			};
			name = Release;
		};
		91CCE50329A0E61E005C6441 /* Debug */ = {
			isa = XCBuildConfiguration;
			buildSettings = {
				ALWAYS_EMBED_SWIFT_STANDARD_LIBRARIES = YES;
				CODE_SIGN_STYLE = Automatic;
				CURRENT_PROJECT_VERSION = 1;
				DEVELOPMENT_TEAM = 93HP7KN2HJ;
				GENERATE_INFOPLIST_FILE = YES;
				MARKETING_VERSION = 1.0;
				PRODUCT_BUNDLE_IDENTIFIER = "com.pamapp.memories-swiftui.MemoriesSwiftUIUITests";
				PRODUCT_NAME = "$(TARGET_NAME)";
				SWIFT_EMIT_LOC_STRINGS = NO;
				SWIFT_VERSION = 5.0;
				TARGETED_DEVICE_FAMILY = "1,2";
				TEST_TARGET_NAME = MemoriesSwiftUI;
			};
			name = Debug;
		};
		91CCE50429A0E61E005C6441 /* Release */ = {
			isa = XCBuildConfiguration;
			buildSettings = {
				ALWAYS_EMBED_SWIFT_STANDARD_LIBRARIES = YES;
				CODE_SIGN_STYLE = Automatic;
				CURRENT_PROJECT_VERSION = 1;
				DEVELOPMENT_TEAM = 93HP7KN2HJ;
				GENERATE_INFOPLIST_FILE = YES;
				MARKETING_VERSION = 1.0;
				PRODUCT_BUNDLE_IDENTIFIER = "com.pamapp.memories-swiftui.MemoriesSwiftUIUITests";
				PRODUCT_NAME = "$(TARGET_NAME)";
				SWIFT_EMIT_LOC_STRINGS = NO;
				SWIFT_VERSION = 5.0;
				TARGETED_DEVICE_FAMILY = "1,2";
				TEST_TARGET_NAME = MemoriesSwiftUI;
			};
			name = Release;
		};
/* End XCBuildConfiguration section */

/* Begin XCConfigurationList section */
		91CCE4CE29A0E61C005C6441 /* Build configuration list for PBXProject "MemoriesSwiftUI" */ = {
			isa = XCConfigurationList;
			buildConfigurations = (
				91CCE4FA29A0E61E005C6441 /* Debug */,
				91CCE4FB29A0E61E005C6441 /* Release */,
			);
			defaultConfigurationIsVisible = 0;
			defaultConfigurationName = Release;
		};
		91CCE4FC29A0E61E005C6441 /* Build configuration list for PBXNativeTarget "MemoriesSwiftUI" */ = {
			isa = XCConfigurationList;
			buildConfigurations = (
				91CCE4FD29A0E61E005C6441 /* Debug */,
				91CCE4FE29A0E61E005C6441 /* Release */,
			);
			defaultConfigurationIsVisible = 0;
			defaultConfigurationName = Release;
		};
		91CCE4FF29A0E61E005C6441 /* Build configuration list for PBXNativeTarget "MemoriesSwiftUITests" */ = {
			isa = XCConfigurationList;
			buildConfigurations = (
				91CCE50029A0E61E005C6441 /* Debug */,
				91CCE50129A0E61E005C6441 /* Release */,
			);
			defaultConfigurationIsVisible = 0;
			defaultConfigurationName = Release;
		};
		91CCE50229A0E61E005C6441 /* Build configuration list for PBXNativeTarget "MemoriesSwiftUIUITests" */ = {
			isa = XCConfigurationList;
			buildConfigurations = (
				91CCE50329A0E61E005C6441 /* Debug */,
				91CCE50429A0E61E005C6441 /* Release */,
			);
			defaultConfigurationIsVisible = 0;
			defaultConfigurationName = Release;
		};
/* End XCConfigurationList section */

/* Begin XCVersionGroup section */
		91F6F46229B508CC00DCF329 /* MemoriesSwiftUI.xcdatamodeld */ = {
			isa = XCVersionGroup;
			children = (
				91F6F46329B508CC00DCF329 /* MemoriesSwiftUI.xcdatamodel */,
			);
			currentVersion = 91F6F46329B508CC00DCF329 /* MemoriesSwiftUI.xcdatamodel */;
			path = MemoriesSwiftUI.xcdatamodeld;
			sourceTree = "<group>";
			versionGroupType = wrapper.xcdatamodel;
		};
/* End XCVersionGroup section */
	};
	rootObject = 91CCE4CB29A0E61C005C6441 /* Project object */;
}
